# @generated by Move, please check-in and do not edit manually.

[move]
version = 3
manifest_digest = "D22E7A022742469E0A5D07A8C643A1BF8A7CC5A1B7CC704F930BEE9100652365"
deps_digest = "F8BBB0CCB2491CA29A3DF03D6F92277A4F3574266507ACD77214D37ECA3F3082"
dependencies = [
  { id = "Sui", name = "Sui" },
]

[[move.package]]
id = "MoveStdlib"
source = { git = "https://github.com/MystenLabs/sui.git", rev = "framework/mainnet", subdir = "crates/sui-framework/packages/move-stdlib" }

[[move.package]]
id = "Sui"
source = { git = "https://github.com/MystenLabs/sui.git", rev = "framework/mainnet", subdir = "crates/sui-framework/packages/sui-framework" }

dependencies = [
  { id = "MoveStdlib", name = "MoveStdlib" },
]

[move.toolchain-version]
compiler-version = "1.46.1"
edition = "2024.beta"
flavor = "sui"

[env]

[env.mainnet]
chain-id = "35834a8a"
original-published-id = "0xf8eb68f38b428de73242f50031b57c644d42065b8099b0c801e9e6f1f6cc4c6d"
latest-published-id = "0xf8eb68f38b428de73242f50031b57c644d42065b8099b0c801e9e6f1f6cc4c6d"
published-version = "1"

[env.testnet]
chain-id = "4c78adac"
original-published-id = "0x7841c68a599c13c0c3b7a02afcdbe7ad38150635bada2c9d3d56a810199484ee"
latest-published-id = "0x7841c68a599c13c0c3b7a02afcdbe7ad38150635bada2c9d3d56a810199484ee"
published-version = "1"
