# @generated by Move, please check-in and do not edit manually.

[move]
version = 3
manifest_digest = "9A2165B69D80FD54D35A4DA4AB2EE207092ACDDC2C58866FE4C11AC39CEBC5B1"
deps_digest = "F8BBB0CCB2491CA29A3DF03D6F92277A4F3574266507ACD77214D37ECA3F3082"
dependencies = [
  { id = "Sui", name = "Sui" },
]

[[move.package]]
id = "MoveStdlib"
source = { git = "https://github.com/MystenLabs/sui.git", rev = "framework/mainnet", subdir = "crates/sui-framework/packages/move-stdlib" }

[[move.package]]
id = "Sui"
source = { git = "https://github.com/MystenLabs/sui.git", rev = "framework/mainnet", subdir = "crates/sui-framework/packages/sui-framework" }

dependencies = [
  { id = "MoveStdlib", name = "MoveStdlib" },
]

[move.toolchain-version]
compiler-version = "1.46.1"
edition = "2024"
flavor = "sui"

[env]

[env.mainnet]
chain-id = "35834a8a"
original-published-id = "0xf8eb68f38b428de73242f50031b57c644d42065b8099b0c801e9e6f1f6cc4c6d"
latest-published-id = "0xf8eb68f38b428de73242f50031b57c644d42065b8099b0c801e9e6f1f6cc4c6d"
published-version = "1"

[env.testnet]
chain-id = "4c78adac"
original-published-id = "0xfbe68683a4e6a58d04597d3d07f5be6c7d0bb8ae1f708eacabd200143d836aea"
latest-published-id = "0xfbe68683a4e6a58d04597d3d07f5be6c7d0bb8ae1f708eacabd200143d836aea"
published-version = "1"

[env.devnet]
chain-id = "0924eade"
original-published-id = "0x04ca645281aa1a16222c247f064add89ab3c53de3065a2f27f0fc8649f01ebd0"
latest-published-id = "0x04ca645281aa1a16222c247f064add89ab3c53de3065a2f27f0fc8649f01ebd0"
published-version = "1"
